// !$*UTF8*$!
{
	archiveVersion = 1;
	classes = {
	};
	objectVersion = 55;
	objects = {

/* Begin PBXBuildFile section */
		0A82D396275EAE110039D986 /* timerApp WatchKit App.app in Embed Watch Content */ = {isa = PBXBuildFile; fileRef = 0A82D395275EAE110039D986 /* timerApp WatchKit App.app */; settings = {ATTRIBUTES = (RemoveHeadersOnCopy, ); }; };
		0A82D39B275EAE160039D986 /* Assets.xcassets in Resources */ = {isa = PBXBuildFile; fileRef = 0A82D39A275EAE160039D986 /* Assets.xcassets */; };
		0A82D3A1275EAE170039D986 /* timerApp WatchKit Extension.appex in Embed App Extensions */ = {isa = PBXBuildFile; fileRef = 0A82D3A0275EAE170039D986 /* timerApp WatchKit Extension.appex */; settings = {ATTRIBUTES = (RemoveHeadersOnCopy, ); }; };
		0A82D3A6275EAE170039D986 /* timerAppApp.swift in Sources */ = {isa = PBXBuildFile; fileRef = 0A82D3A5275EAE170039D986 /* timerAppApp.swift */; };
		0A82D3A8275EAE170039D986 /* ContentView.swift in Sources */ = {isa = PBXBuildFile; fileRef = 0A82D3A7275EAE170039D986 /* ContentView.swift */; };
		0A82D3AA275EAE170039D986 /* NotificationController.swift in Sources */ = {isa = PBXBuildFile; fileRef = 0A82D3A9275EAE170039D986 /* NotificationController.swift */; };
		0A82D3AC275EAE170039D986 /* NotificationView.swift in Sources */ = {isa = PBXBuildFile; fileRef = 0A82D3AB275EAE170039D986 /* NotificationView.swift */; };
		0A82D3AE275EAE170039D986 /* ComplicationController.swift in Sources */ = {isa = PBXBuildFile; fileRef = 0A82D3AD275EAE170039D986 /* ComplicationController.swift */; };
		0A82D3B0275EAE1A0039D986 /* Assets.xcassets in Resources */ = {isa = PBXBuildFile; fileRef = 0A82D3AF275EAE1A0039D986 /* Assets.xcassets */; };
		0A82D3B3275EAE1A0039D986 /* Preview Assets.xcassets in Resources */ = {isa = PBXBuildFile; fileRef = 0A82D3B2275EAE1A0039D986 /* Preview Assets.xcassets */; };
/* End PBXBuildFile section */

/* Begin PBXContainerItemProxy section */
		0A82D397275EAE110039D986 /* PBXContainerItemProxy */ = {
			isa = PBXContainerItemProxy;
			containerPortal = 0A82D38B275EAE110039D986 /* Project object */;
			proxyType = 1;
			remoteGlobalIDString = 0A82D394275EAE110039D986;
			remoteInfo = "timerApp WatchKit App";
		};
		0A82D3A2275EAE170039D986 /* PBXContainerItemProxy */ = {
			isa = PBXContainerItemProxy;
			containerPortal = 0A82D38B275EAE110039D986 /* Project object */;
			proxyType = 1;
			remoteGlobalIDString = 0A82D39F275EAE170039D986;
			remoteInfo = "timerApp WatchKit Extension";
		};
/* End PBXContainerItemProxy section */

/* Begin PBXCopyFilesBuildPhase section */
		0A82D3BB275EAE1B0039D986 /* Embed App Extensions */ = {
			isa = PBXCopyFilesBuildPhase;
			buildActionMask = 2147483647;
			dstPath = "";
			dstSubfolderSpec = 13;
			files = (
				0A82D3A1275EAE170039D986 /* timerApp WatchKit Extension.appex in Embed App Extensions */,
			);
			name = "Embed App Extensions";
			runOnlyForDeploymentPostprocessing = 0;
		};
		0A82D3BF275EAE1B0039D986 /* Embed Watch Content */ = {
			isa = PBXCopyFilesBuildPhase;
			buildActionMask = 2147483647;
			dstPath = "$(CONTENTS_FOLDER_PATH)/Watch";
			dstSubfolderSpec = 16;
			files = (
				0A82D396275EAE110039D986 /* timerApp WatchKit App.app in Embed Watch Content */,
			);
			name = "Embed Watch Content";
			runOnlyForDeploymentPostprocessing = 0;
		};
/* End PBXCopyFilesBuildPhase section */

/* Begin PBXFileReference section */
		0A82D391275EAE110039D986 /* timerApp.app */ = {isa = PBXFileReference; explicitFileType = wrapper.application; includeInIndex = 0; path = timerApp.app; sourceTree = BUILT_PRODUCTS_DIR; };
		0A82D395275EAE110039D986 /* timerApp WatchKit App.app */ = {isa = PBXFileReference; explicitFileType = wrapper.application; includeInIndex = 0; path = "timerApp WatchKit App.app"; sourceTree = BUILT_PRODUCTS_DIR; };
		0A82D39A275EAE160039D986 /* Assets.xcassets */ = {isa = PBXFileReference; lastKnownFileType = folder.assetcatalog; path = Assets.xcassets; sourceTree = "<group>"; };
		0A82D3A0275EAE170039D986 /* timerApp WatchKit Extension.appex */ = {isa = PBXFileReference; explicitFileType = "wrapper.app-extension"; includeInIndex = 0; path = "timerApp WatchKit Extension.appex"; sourceTree = BUILT_PRODUCTS_DIR; };
		0A82D3A5275EAE170039D986 /* timerAppApp.swift */ = {isa = PBXFileReference; lastKnownFileType = sourcecode.swift; path = timerAppApp.swift; sourceTree = "<group>"; };
		0A82D3A7275EAE170039D986 /* ContentView.swift */ = {isa = PBXFileReference; lastKnownFileType = sourcecode.swift; path = ContentView.swift; sourceTree = "<group>"; };
		0A82D3A9275EAE170039D986 /* NotificationController.swift */ = {isa = PBXFileReference; lastKnownFileType = sourcecode.swift; path = NotificationController.swift; sourceTree = "<group>"; };
		0A82D3AB275EAE170039D986 /* NotificationView.swift */ = {isa = PBXFileReference; lastKnownFileType = sourcecode.swift; path = NotificationView.swift; sourceTree = "<group>"; };
		0A82D3AD275EAE170039D986 /* ComplicationController.swift */ = {isa = PBXFileReference; lastKnownFileType = sourcecode.swift; path = ComplicationController.swift; sourceTree = "<group>"; };
		0A82D3AF275EAE1A0039D986 /* Assets.xcassets */ = {isa = PBXFileReference; lastKnownFileType = folder.assetcatalog; path = Assets.xcassets; sourceTree = "<group>"; };
		0A82D3B2275EAE1A0039D986 /* Preview Assets.xcassets */ = {isa = PBXFileReference; lastKnownFileType = folder.assetcatalog; path = "Preview Assets.xcassets"; sourceTree = "<group>"; };
		0A82D3B4275EAE1A0039D986 /* Info.plist */ = {isa = PBXFileReference; lastKnownFileType = text.plist.xml; path = Info.plist; sourceTree = "<group>"; };
		0A82D3B5275EAE1A0039D986 /* PushNotificationPayload.apns */ = {isa = PBXFileReference; lastKnownFileType = text; path = PushNotificationPayload.apns; sourceTree = "<group>"; };
/* End PBXFileReference section */

/* Begin PBXFrameworksBuildPhase section */
		0A82D39D275EAE170039D986 /* Frameworks */ = {
			isa = PBXFrameworksBuildPhase;
			buildActionMask = 2147483647;
			files = (
			);
			runOnlyForDeploymentPostprocessing = 0;
		};
/* End PBXFrameworksBuildPhase section */

/* Begin PBXGroup section */
		0A82D38A275EAE110039D986 = {
			isa = PBXGroup;
			children = (
				0A82D399275EAE110039D986 /* timerApp WatchKit App */,
				0A82D3A4275EAE170039D986 /* timerApp WatchKit Extension */,
				0A82D392275EAE110039D986 /* Products */,
			);
			sourceTree = "<group>";
		};
		0A82D392275EAE110039D986 /* Products */ = {
			isa = PBXGroup;
			children = (
				0A82D391275EAE110039D986 /* timerApp.app */,
				0A82D395275EAE110039D986 /* timerApp WatchKit App.app */,
				0A82D3A0275EAE170039D986 /* timerApp WatchKit Extension.appex */,
			);
			name = Products;
			sourceTree = "<group>";
		};
		0A82D399275EAE110039D986 /* timerApp WatchKit App */ = {
			isa = PBXGroup;
			children = (
				0A82D39A275EAE160039D986 /* Assets.xcassets */,
			);
			path = "timerApp WatchKit App";
			sourceTree = "<group>";
		};
		0A82D3A4275EAE170039D986 /* timerApp WatchKit Extension */ = {
			isa = PBXGroup;
			children = (
				0A82D3A5275EAE170039D986 /* timerAppApp.swift */,
				0A82D3A7275EAE170039D986 /* ContentView.swift */,
				0A82D3A9275EAE170039D986 /* NotificationController.swift */,
				0A82D3AB275EAE170039D986 /* NotificationView.swift */,
				0A82D3AD275EAE170039D986 /* ComplicationController.swift */,
				0A82D3AF275EAE1A0039D986 /* Assets.xcassets */,
				0A82D3B4275EAE1A0039D986 /* Info.plist */,
				0A82D3B5275EAE1A0039D986 /* PushNotificationPayload.apns */,
				0A82D3B1275EAE1A0039D986 /* Preview Content */,
			);
			path = "timerApp WatchKit Extension";
			sourceTree = "<group>";
		};
		0A82D3B1275EAE1A0039D986 /* Preview Content */ = {
			isa = PBXGroup;
			children = (
				0A82D3B2275EAE1A0039D986 /* Preview Assets.xcassets */,
			);
			path = "Preview Content";
			sourceTree = "<group>";
		};
/* End PBXGroup section */

/* Begin PBXNativeTarget section */
		0A82D390275EAE110039D986 /* timerApp */ = {
			isa = PBXNativeTarget;
			buildConfigurationList = 0A82D3C0275EAE1B0039D986 /* Build configuration list for PBXNativeTarget "timerApp" */;
			buildPhases = (
				0A82D38F275EAE110039D986 /* Resources */,
				0A82D3BF275EAE1B0039D986 /* Embed Watch Content */,
			);
			buildRules = (
			);
			dependencies = (
				0A82D398275EAE110039D986 /* PBXTargetDependency */,
			);
			name = timerApp;
			productName = timerApp;
			productReference = 0A82D391275EAE110039D986 /* timerApp.app */;
			productType = "com.apple.product-type.application.watchapp2-container";
		};
		0A82D394275EAE110039D986 /* timerApp WatchKit App */ = {
			isa = PBXNativeTarget;
			buildConfigurationList = 0A82D3BC275EAE1B0039D986 /* Build configuration list for PBXNativeTarget "timerApp WatchKit App" */;
			buildPhases = (
				0A82D393275EAE110039D986 /* Resources */,
				0A82D3BB275EAE1B0039D986 /* Embed App Extensions */,
			);
			buildRules = (
			);
			dependencies = (
				0A82D3A3275EAE170039D986 /* PBXTargetDependency */,
			);
			name = "timerApp WatchKit App";
			productName = "timerApp WatchKit App";
			productReference = 0A82D395275EAE110039D986 /* timerApp WatchKit App.app */;
			productType = "com.apple.product-type.application.watchapp2";
		};
		0A82D39F275EAE170039D986 /* timerApp WatchKit Extension */ = {
			isa = PBXNativeTarget;
			buildConfigurationList = 0A82D3B8275EAE1B0039D986 /* Build configuration list for PBXNativeTarget "timerApp WatchKit Extension" */;
			buildPhases = (
				0A82D39C275EAE170039D986 /* Sources */,
				0A82D39D275EAE170039D986 /* Frameworks */,
				0A82D39E275EAE170039D986 /* Resources */,
			);
			buildRules = (
			);
			dependencies = (
			);
			name = "timerApp WatchKit Extension";
			productName = "timerApp WatchKit Extension";
			productReference = 0A82D3A0275EAE170039D986 /* timerApp WatchKit Extension.appex */;
			productType = "com.apple.product-type.watchkit2-extension";
		};
/* End PBXNativeTarget section */

/* Begin PBXProject section */
		0A82D38B275EAE110039D986 /* Project object */ = {
			isa = PBXProject;
			attributes = {
				BuildIndependentTargetsInParallel = 1;
				LastSwiftUpdateCheck = 1300;
				LastUpgradeCheck = 1300;
				TargetAttributes = {
					0A82D390275EAE110039D986 = {
						CreatedOnToolsVersion = 13.0;
					};
					0A82D394275EAE110039D986 = {
						CreatedOnToolsVersion = 13.0;
					};
					0A82D39F275EAE170039D986 = {
						CreatedOnToolsVersion = 13.0;
					};
				};
			};
			buildConfigurationList = 0A82D38E275EAE110039D986 /* Build configuration list for PBXProject "timerApp" */;
			compatibilityVersion = "Xcode 13.0";
			developmentRegion = en;
			hasScannedForEncodings = 0;
			knownRegions = (
				en,
				Base,
			);
			mainGroup = 0A82D38A275EAE110039D986;
			productRefGroup = 0A82D392275EAE110039D986 /* Products */;
			projectDirPath = "";
			projectRoot = "";
			targets = (
				0A82D390275EAE110039D986 /* timerApp */,
				0A82D394275EAE110039D986 /* timerApp WatchKit App */,
				0A82D39F275EAE170039D986 /* timerApp WatchKit Extension */,
			);
		};
/* End PBXProject section */

/* Begin PBXResourcesBuildPhase section */
		0A82D38F275EAE110039D986 /* Resources */ = {
			isa = PBXResourcesBuildPhase;
			buildActionMask = 2147483647;
			files = (
			);
			runOnlyForDeploymentPostprocessing = 0;
		};
		0A82D393275EAE110039D986 /* Resources */ = {
			isa = PBXResourcesBuildPhase;
			buildActionMask = 2147483647;
			files = (
				0A82D39B275EAE160039D986 /* Assets.xcassets in Resources */,
			);
			runOnlyForDeploymentPostprocessing = 0;
		};
		0A82D39E275EAE170039D986 /* Resources */ = {
			isa = PBXResourcesBuildPhase;
			buildActionMask = 2147483647;
			files = (
				0A82D3B3275EAE1A0039D986 /* Preview Assets.xcassets in Resources */,
				0A82D3B0275EAE1A0039D986 /* Assets.xcassets in Resources */,
			);
			runOnlyForDeploymentPostprocessing = 0;
		};
/* End PBXResourcesBuildPhase section */

/* Begin PBXSourcesBuildPhase section */
		0A82D39C275EAE170039D986 /* Sources */ = {
			isa = PBXSourcesBuildPhase;
			buildActionMask = 2147483647;
			files = (
				0A82D3AA275EAE170039D986 /* NotificationController.swift in Sources */,
				0A82D3A8275EAE170039D986 /* ContentView.swift in Sources */,
				0A82D3AE275EAE170039D986 /* ComplicationController.swift in Sources */,
				0A82D3A6275EAE170039D986 /* timerAppApp.swift in Sources */,
				0A82D3AC275EAE170039D986 /* NotificationView.swift in Sources */,
			);
			runOnlyForDeploymentPostprocessing = 0;
		};
/* End PBXSourcesBuildPhase section */

/* Begin PBXTargetDependency section */
		0A82D398275EAE110039D986 /* PBXTargetDependency */ = {
			isa = PBXTargetDependency;
			target = 0A82D394275EAE110039D986 /* timerApp WatchKit App */;
			targetProxy = 0A82D397275EAE110039D986 /* PBXContainerItemProxy */;
		};
		0A82D3A3275EAE170039D986 /* PBXTargetDependency */ = {
			isa = PBXTargetDependency;
			target = 0A82D39F275EAE170039D986 /* timerApp WatchKit Extension */;
			targetProxy = 0A82D3A2275EAE170039D986 /* PBXContainerItemProxy */;
		};
/* End PBXTargetDependency section */

/* Begin XCBuildConfiguration section */
		0A82D3B6275EAE1A0039D986 /* Debug */ = {
			isa = XCBuildConfiguration;
			buildSettings = {
				ALWAYS_SEARCH_USER_PATHS = NO;
				CLANG_ANALYZER_NONNULL = YES;
				CLANG_ANALYZER_NUMBER_OBJECT_CONVERSION = YES_AGGRESSIVE;
				CLANG_CXX_LANGUAGE_STANDARD = "gnu++17";
				CLANG_CXX_LIBRARY = "libc++";
				CLANG_ENABLE_MODULES = YES;
				CLANG_ENABLE_OBJC_ARC = YES;
				CLANG_ENABLE_OBJC_WEAK = YES;
				CLANG_WARN_BLOCK_CAPTURE_AUTORELEASING = YES;
				CLANG_WARN_BOOL_CONVERSION = YES;
				CLANG_WARN_COMMA = YES;
				CLANG_WARN_CONSTANT_CONVERSION = YES;
				CLANG_WARN_DEPRECATED_OBJC_IMPLEMENTATIONS = YES;
				CLANG_WARN_DIRECT_OBJC_ISA_USAGE = YES_ERROR;
				CLANG_WARN_DOCUMENTATION_COMMENTS = YES;
				CLANG_WARN_EMPTY_BODY = YES;
				CLANG_WARN_ENUM_CONVERSION = YES;
				CLANG_WARN_INFINITE_RECURSION = YES;
				CLANG_WARN_INT_CONVERSION = YES;
				CLANG_WARN_NON_LITERAL_NULL_CONVERSION = YES;
				CLANG_WARN_OBJC_IMPLICIT_RETAIN_SELF = YES;
				CLANG_WARN_OBJC_LITERAL_CONVERSION = YES;
				CLANG_WARN_OBJC_ROOT_CLASS = YES_ERROR;
				CLANG_WARN_QUOTED_INCLUDE_IN_FRAMEWORK_HEADER = YES;
				CLANG_WARN_RANGE_LOOP_ANALYSIS = YES;
				CLANG_WARN_STRICT_PROTOTYPES = YES;
				CLANG_WARN_SUSPICIOUS_MOVE = YES;
				CLANG_WARN_UNGUARDED_AVAILABILITY = YES_AGGRESSIVE;
				CLANG_WARN_UNREACHABLE_CODE = YES;
				CLANG_WARN__DUPLICATE_METHOD_MATCH = YES;
				COPY_PHASE_STRIP = NO;
				DEBUG_INFORMATION_FORMAT = dwarf;
				ENABLE_STRICT_OBJC_MSGSEND = YES;
				ENABLE_TESTABILITY = YES;
				GCC_C_LANGUAGE_STANDARD = gnu11;
				GCC_DYNAMIC_NO_PIC = NO;
				GCC_NO_COMMON_BLOCKS = YES;
				GCC_OPTIMIZATION_LEVEL = 0;
				GCC_PREPROCESSOR_DEFINITIONS = (
					"DEBUG=1",
					"$(inherited)",
				);
				GCC_WARN_64_TO_32_BIT_CONVERSION = YES;
				GCC_WARN_ABOUT_RETURN_TYPE = YES_ERROR;
				GCC_WARN_UNDECLARED_SELECTOR = YES;
				GCC_WARN_UNINITIALIZED_AUTOS = YES_AGGRESSIVE;
				GCC_WARN_UNUSED_FUNCTION = YES;
				GCC_WARN_UNUSED_VARIABLE = YES;
				MTL_ENABLE_DEBUG_INFO = INCLUDE_SOURCE;
				MTL_FAST_MATH = YES;
				ONLY_ACTIVE_ARCH = YES;
				SDKROOT = iphoneos;
				SWIFT_ACTIVE_COMPILATION_CONDITIONS = DEBUG;
				SWIFT_OPTIMIZATION_LEVEL = "-Onone";
			};
			name = Debug;
		};
		0A82D3B7275EAE1B0039D986 /* Release */ = {
			isa = XCBuildConfiguration;
			buildSettings = {
				ALWAYS_SEARCH_USER_PATHS = NO;
				CLANG_ANALYZER_NONNULL = YES;
				CLANG_ANALYZER_NUMBER_OBJECT_CONVERSION = YES_AGGRESSIVE;
				CLANG_CXX_LANGUAGE_STANDARD = "gnu++17";
				CLANG_CXX_LIBRARY = "libc++";
				CLANG_ENABLE_MODULES = YES;
				CLANG_ENABLE_OBJC_ARC = YES;
				CLANG_ENABLE_OBJC_WEAK = YES;
				CLANG_WARN_BLOCK_CAPTURE_AUTORELEASING = YES;
				CLANG_WARN_BOOL_CONVERSION = YES;
				CLANG_WARN_COMMA = YES;
				CLANG_WARN_CONSTANT_CONVERSION = YES;
				CLANG_WARN_DEPRECATED_OBJC_IMPLEMENTATIONS = YES;
				CLANG_WARN_DIRECT_OBJC_ISA_USAGE = YES_ERROR;
				CLANG_WARN_DOCUMENTATION_COMMENTS = YES;
				CLANG_WARN_EMPTY_BODY = YES;
				CLANG_WARN_ENUM_CONVERSION = YES;
				CLANG_WARN_INFINITE_RECURSION = YES;
				CLANG_WARN_INT_CONVERSION = YES;
				CLANG_WARN_NON_LITERAL_NULL_CONVERSION = YES;
				CLANG_WARN_OBJC_IMPLICIT_RETAIN_SELF = YES;
				CLANG_WARN_OBJC_LITERAL_CONVERSION = YES;
				CLANG_WARN_OBJC_ROOT_CLASS = YES_ERROR;
				CLANG_WARN_QUOTED_INCLUDE_IN_FRAMEWORK_HEADER = YES;
				CLANG_WARN_RANGE_LOOP_ANALYSIS = YES;
				CLANG_WARN_STRICT_PROTOTYPES = YES;
				CLANG_WARN_SUSPICIOUS_MOVE = YES;
				CLANG_WARN_UNGUARDED_AVAILABILITY = YES_AGGRESSIVE;
				CLANG_WARN_UNREACHABLE_CODE = YES;
				CLANG_WARN__DUPLICATE_METHOD_MATCH = YES;
				COPY_PHASE_STRIP = NO;
				DEBUG_INFORMATION_FORMAT = "dwarf-with-dsym";
				ENABLE_NS_ASSERTIONS = NO;
				ENABLE_STRICT_OBJC_MSGSEND = YES;
				GCC_C_LANGUAGE_STANDARD = gnu11;
				GCC_NO_COMMON_BLOCKS = YES;
				GCC_WARN_64_TO_32_BIT_CONVERSION = YES;
				GCC_WARN_ABOUT_RETURN_TYPE = YES_ERROR;
				GCC_WARN_UNDECLARED_SELECTOR = YES;
				GCC_WARN_UNINITIALIZED_AUTOS = YES_AGGRESSIVE;
				GCC_WARN_UNUSED_FUNCTION = YES;
				GCC_WARN_UNUSED_VARIABLE = YES;
				MTL_ENABLE_DEBUG_INFO = NO;
				MTL_FAST_MATH = YES;
				SDKROOT = iphoneos;
				SWIFT_COMPILATION_MODE = wholemodule;
				SWIFT_OPTIMIZATION_LEVEL = "-O";
				VALIDATE_PRODUCT = YES;
			};
			name = Release;
		};
		0A82D3B9275EAE1B0039D986 /* Debug */ = {
			isa = XCBuildConfiguration;
			buildSettings = {
				ASSETCATALOG_COMPILER_COMPLICATION_NAME = Complication;
				CODE_SIGN_STYLE = Automatic;
				CURRENT_PROJECT_VERSION = 1;
				DEVELOPMENT_ASSET_PATHS = "\"timerApp WatchKit Extension/Preview Content\"";
				DEVELOPMENT_TEAM = 4L4A57D3AY;
				ENABLE_PREVIEWS = YES;
				GENERATE_INFOPLIST_FILE = YES;
				INFOPLIST_FILE = "timerApp WatchKit Extension/Info.plist";
				INFOPLIST_KEY_CFBundleDisplayName = "timerApp WatchKit Extension";
				INFOPLIST_KEY_CLKComplicationPrincipalClass = "$(PRODUCT_MODULE_NAME).ComplicationController";
				INFOPLIST_KEY_NSHumanReadableCopyright = "";
				INFOPLIST_KEY_WKWatchOnly = YES;
				LD_RUNPATH_SEARCH_PATHS = (
					"$(inherited)",
					"@executable_path/Frameworks",
					"@executable_path/../../Frameworks",
				);
				MARKETING_VERSION = 1.0;
				PRODUCT_BUNDLE_IDENTIFIER = jwalder3.timerApp.watchkitapp.watchkitextension;
				PRODUCT_NAME = "${TARGET_NAME}";
				SDKROOT = watchos;
				SKIP_INSTALL = YES;
				SWIFT_EMIT_LOC_STRINGS = YES;
				SWIFT_VERSION = 5.0;
				TARGETED_DEVICE_FAMILY = 4;
				WATCHOS_DEPLOYMENT_TARGET = 8.0;
			};
			name = Debug;
		};
		0A82D3BA275EAE1B0039D986 /* Release */ = {
			isa = XCBuildConfiguration;
			buildSettings = {
				ASSETCATALOG_COMPILER_COMPLICATION_NAME = Complication;
				CODE_SIGN_STYLE = Automatic;
				CURRENT_PROJECT_VERSION = 1;
				DEVELOPMENT_ASSET_PATHS = "\"timerApp WatchKit Extension/Preview Content\"";
				DEVELOPMENT_TEAM = 4L4A57D3AY;
				ENABLE_PREVIEWS = YES;
				GENERATE_INFOPLIST_FILE = YES;
				INFOPLIST_FILE = "timerApp WatchKit Extension/Info.plist";
				INFOPLIST_KEY_CFBundleDisplayName = "timerApp WatchKit Extension";
				INFOPLIST_KEY_CLKComplicationPrincipalClass = "$(PRODUCT_MODULE_NAME).ComplicationController";
				INFOPLIST_KEY_NSHumanReadableCopyright = "";
				INFOPLIST_KEY_WKWatchOnly = YES;
				LD_RUNPATH_SEARCH_PATHS = (
					"$(inherited)",
					"@executable_path/Frameworks",
					"@executable_path/../../Frameworks",
				);
				MARKETING_VERSION = 1.0;
				PRODUCT_BUNDLE_IDENTIFIER = jwalder3.timerApp.watchkitapp.watchkitextension;
				PRODUCT_NAME = "${TARGET_NAME}";
				SDKROOT = watchos;
				SKIP_INSTALL = YES;
				SWIFT_EMIT_LOC_STRINGS = YES;
				SWIFT_VERSION = 5.0;
				TARGETED_DEVICE_FAMILY = 4;
				WATCHOS_DEPLOYMENT_TARGET = 8.0;
			};
			name = Release;
		};
		0A82D3BD275EAE1B0039D986 /* Debug */ = {
			isa = XCBuildConfiguration;
			buildSettings = {
				ALWAYS_EMBED_SWIFT_STANDARD_LIBRARIES = YES;
				ASSETCATALOG_COMPILER_APPICON_NAME = AppIcon;
				ASSETCATALOG_COMPILER_GLOBAL_ACCENT_COLOR_NAME = AccentColor;
				CODE_SIGN_STYLE = Automatic;
				CURRENT_PROJECT_VERSION = 1;
				DEVELOPMENT_TEAM = 4L4A57D3AY;
				GENERATE_INFOPLIST_FILE = YES;
				IBSC_MODULE = timerApp_WatchKit_Extension;
				INFOPLIST_KEY_CFBundleDisplayName = "timerApp WatchKit App";
				INFOPLIST_KEY_UISupportedInterfaceOrientations = "UIInterfaceOrientationPortrait UIInterfaceOrientationPortraitUpsideDown";
				MARKETING_VERSION = 1.0;
				PRODUCT_BUNDLE_IDENTIFIER = jwalder3.timerApp.watchkitapp;
				PRODUCT_NAME = "$(TARGET_NAME)";
				SDKROOT = watchos;
				SKIP_INSTALL = YES;
				SWIFT_EMIT_LOC_STRINGS = YES;
				SWIFT_VERSION = 5.0;
				TARGETED_DEVICE_FAMILY = 4;
				WATCHOS_DEPLOYMENT_TARGET = 8.0;
			};
			name = Debug;
		};
		0A82D3BE275EAE1B0039D986 /* Release */ = {
			isa = XCBuildConfiguration;
			buildSettings = {
				ALWAYS_EMBED_SWIFT_STANDARD_LIBRARIES = YES;
				ASSETCATALOG_COMPILER_APPICON_NAME = AppIcon;
				ASSETCATALOG_COMPILER_GLOBAL_ACCENT_COLOR_NAME = AccentColor;
				CODE_SIGN_STYLE = Automatic;
				CURRENT_PROJECT_VERSION = 1;
				DEVELOPMENT_TEAM = 4L4A57D3AY;
				GENERATE_INFOPLIST_FILE = YES;
				IBSC_MODULE = timerApp_WatchKit_Extension;
				INFOPLIST_KEY_CFBundleDisplayName = "timerApp WatchKit App";
				INFOPLIST_KEY_UISupportedInterfaceOrientations = "UIInterfaceOrientationPortrait UIInterfaceOrientationPortraitUpsideDown";
				MARKETING_VERSION = 1.0;
				PRODUCT_BUNDLE_IDENTIFIER = jwalder3.timerApp.watchkitapp;
				PRODUCT_NAME = "$(TARGET_NAME)";
				SDKROOT = watchos;
				SKIP_INSTALL = YES;
				SWIFT_EMIT_LOC_STRINGS = YES;
				SWIFT_VERSION = 5.0;
				TARGETED_DEVICE_FAMILY = 4;
				WATCHOS_DEPLOYMENT_TARGET = 8.0;
			};
			name = Release;
		};
		0A82D3C1275EAE1B0039D986 /* Debug */ = {
			isa = XCBuildConfiguration;
			buildSettings = {
				CODE_SIGN_STYLE = Automatic;
				CURRENT_PROJECT_VERSION = 1;
				DEVELOPMENT_TEAM = 4L4A57D3AY;
				MARKETING_VERSION = 1.0;
				PRODUCT_BUNDLE_IDENTIFIER = jwalder3.timerApp;
				PRODUCT_NAME = "$(TARGET_NAME)";
				SWIFT_VERSION = 5.0;
			};
			name = Debug;
		};
		0A82D3C2275EAE1B0039D986 /* Release */ = {
			isa = XCBuildConfiguration;
			buildSettings = {
				CODE_SIGN_STYLE = Automatic;
				CURRENT_PROJECT_VERSION = 1;
				DEVELOPMENT_TEAM = 4L4A57D3AY;
				MARKETING_VERSION = 1.0;
				PRODUCT_BUNDLE_IDENTIFIER = jwalder3.timerApp;
				PRODUCT_NAME = "$(TARGET_NAME)";
				SWIFT_VERSION = 5.0;
			};
			name = Release;
		};
/* End XCBuildConfiguration section */

/* Begin XCConfigurationList section */
		0A82D38E275EAE110039D986 /* Build configuration list for PBXProject "timerApp" */ = {
			isa = XCConfigurationList;
			buildConfigurations = (
				0A82D3B6275EAE1A0039D986 /* Debug */,
				0A82D3B7275EAE1B0039D986 /* Release */,
			);
			defaultConfigurationIsVisible = 0;
			defaultConfigurationName = Release;
		};
		0A82D3B8275EAE1B0039D986 /* Build configuration list for PBXNativeTarget "timerApp WatchKit Extension" */ = {
			isa = XCConfigurationList;
			buildConfigurations = (
				0A82D3B9275EAE1B0039D986 /* Debug */,
				0A82D3BA275EAE1B0039D986 /* Release */,
			);
			defaultConfigurationIsVisible = 0;
			defaultConfigurationName = Release;
		};
		0A82D3BC275EAE1B0039D986 /* Build configuration list for PBXNativeTarget "timerApp WatchKit App" */ = {
			isa = XCConfigurationList;
			buildConfigurations = (
				0A82D3BD275EAE1B0039D986 /* Debug */,
				0A82D3BE275EAE1B0039D986 /* Release */,
			);
			defaultConfigurationIsVisible = 0;
			defaultConfigurationName = Release;
		};
		0A82D3C0275EAE1B0039D986 /* Build configuration list for PBXNativeTarget "timerApp" */ = {
			isa = XCConfigurationList;
			buildConfigurations = (
				0A82D3C1275EAE1B0039D986 /* Debug */,
				0A82D3C2275EAE1B0039D986 /* Release */,
			);
			defaultConfigurationIsVisible = 0;
			defaultConfigurationName = Release;
		};
/* End XCConfigurationList section */
	};
	rootObject = 0A82D38B275EAE110039D986 /* Project object */;
}
